{
  "name": "cloudflareip",
  "version": "1.0.0",
  "lockfileVersion": 2,
  "requires": true,
  "packages": {
    "": {
      "name": "cloudflareip",
      "version": "1.0.0",
      "license": "MIT",
      "dependencies": {
        "range_check": "^2.0.4"
      }
    },
    "node_modules/ip6": {
      "version": "0.2.10",
      "resolved": "https://registry.npmjs.org/ip6/-/ip6-0.2.10.tgz",
      "integrity": "sha512-1LdpyKjhvepd6EbAU6rW4g14vuYtx5TnJX9TfZZBhsM6DsyPQLNzW12rtbUqXBMwqFrLVV/Gcxv0GNFvJp2cYA==",
      "bin": {
        "ip6": "ip6-cli.js"
      }
    },
    "node_modules/ipaddr.js": {
      "version": "1.9.1",
      "resolved": "https://registry.npmjs.org/ipaddr.js/-/ipaddr.js-1.9.1.tgz",
      "integrity": "sha512-0KI/607xoxSToH7GjN1FfSbLoU0+btTicjsQSWQlh/hZykN8KpmMf7uYwPW3R+akZ6R/w18ZlXSHBYXiYUPO3g==",
      "engines": {
        "node": ">= 0.10"
      }
    },
    "node_modules/range_check": {
      "version": "2.0.4",
      "resolved": "https://registry.npmjs.org/range_check/-/range_check-2.0.4.tgz",
      "integrity": "sha512-aed0ocXXj+SIiNNN9b+mZWA3Ow2GXHtftOGk2xQwshK5GbEZAvUcPWNQBLTx/lPcdFRIUFlFCRtHTQNIFMqynQ==",
      "dependencies": {
        "ip6": "^0.2.0",
        "ipaddr.js": "^1.9.1"
      },
      "engines": {
        "node": ">=10.0.0"
      }
    }
  },
  "dependencies": {
    "ip6": {
      "version": "0.2.10",
      "resolved": "https://registry.npmjs.org/ip6/-/ip6-0.2.10.tgz",
      "integrity": "sha512-1LdpyKjhvepd6EbAU6rW4g14vuYtx5TnJX9TfZZBhsM6DsyPQLNzW12rtbUqXBMwqFrLVV/Gcxv0GNFvJp2cYA=="
    },
    "ipaddr.js": {
      "version": "1.9.1",
      "resolved": "https://registry.npmjs.org/ipaddr.js/-/ipaddr.js-1.9.1.tgz",
      "integrity": "sha512-0KI/607xoxSToH7GjN1FfSbLoU0+btTicjsQSWQlh/hZykN8KpmMf7uYwPW3R+akZ6R/w18ZlXSHBYXiYUPO3g=="
    },
    "range_check": {
      "version": "2.0.4",
      "resolved": "https://registry.npmjs.org/range_check/-/range_check-2.0.4.tgz",
      "integrity": "sha512-aed0ocXXj+SIiNNN9b+mZWA3Ow2GXHtftOGk2xQwshK5GbEZAvUcPWNQBLTx/lPcdFRIUFlFCRtHTQNIFMqynQ==",
      "requires": {
        "ip6": "^0.2.0",
        "ipaddr.js": "^1.9.1"
      }
    }
  }
}
